
Microsoft Visual Studio Solution File, Format Version 12.00
# Visual Studio 2012
Project("{FAE04EC0-301F-11D3-BF4B-00C04F79EFBC}") = "Web", "Web\Web.csproj", "{582FAE43-AC65-4157-A6EF-D80BD1B47015}"
EndProject
Project("{FAE04EC0-301F-11D3-BF4B-00C04F79EFBC}") = "Web.Tests", "Web.Tests\Web.Tests.csproj", "{FEDFE6AC-84CD-411C-AB68-F1C72509F3F6}"
EndProject
Project("{2150E333-8FDC-42A3-9474-1A3956D46DE8}") = "0 - Solution Items", "0 - Solution Items", "{C541A2B1-6F93-4B3F-AB6C-47ACEB9FCE0F}"
EndProject
Project("{2150E333-8FDC-42A3-9474-1A3956D46DE8}") = "1 - Common", "1 - Common", "{DFDB335C-FD1A-47B3-942A-55E1CB983521}"
EndProject
Project("{2150E333-8FDC-42A3-9474-1A3956D46DE8}") = "2 - Data Access", "2 - Data Access", "{1C14E039-0B90-4161-BE22-05B498DADDAC}"
EndProject
Project("{2150E333-8FDC-42A3-9474-1A3956D46DE8}") = "3 - Business", "3 - Business", "{527557F3-79C5-4B6C-8C9D-F62E0E951A4B}"
EndProject
Project("{2150E333-8FDC-42A3-9474-1A3956D46DE8}") = "4 - Presentation", "4 - Presentation", "{591CED39-2B36-432F-B8FD-B4CC63433427}"
EndProject
Project("{2150E333-8FDC-42A3-9474-1A3956D46DE8}") = "Code", "Code", "{535A6118-7AEE-42C0-828C-6C6D832392B6}"
EndProject
Project("{2150E333-8FDC-42A3-9474-1A3956D46DE8}") = "Testing", "Testing", "{BA01F045-D688-44EB-9A0D-E49A32ACC4E3}"
EndProject
Project("{2150E333-8FDC-42A3-9474-1A3956D46DE8}") = "Code", "Code", "{41201A51-2202-4F9E-B7DE-2BBF129A5601}"
EndProject
Project("{2150E333-8FDC-42A3-9474-1A3956D46DE8}") = "Testing", "Testing", "{F14C49E6-337F-4F46-96BC-870CA127EE37}"
EndProject
Project("{2150E333-8FDC-42A3-9474-1A3956D46DE8}") = "Code", "Code", "{95F7A013-6E7C-46AB-9109-0FAA3A6E8806}"
EndProject
Project("{2150E333-8FDC-42A3-9474-1A3956D46DE8}") = "Testing", "Testing", "{32EAD216-47AB-42DB-B10B-CDBD29900160}"
EndProject
Project("{2150E333-8FDC-42A3-9474-1A3956D46DE8}") = "Code", "Code", "{380E8DEA-1BB6-4A74-A13A-AFD07AEB83A3}"
EndProject
Project("{2150E333-8FDC-42A3-9474-1A3956D46DE8}") = "Testing", "Testing", "{61D6CD8F-54B5-49DA-8FAC-D1A1FD8EC498}"
EndProject
Project("{2150E333-8FDC-42A3-9474-1A3956D46DE8}") = "Binaries", "Binaries", "{4623E612-5438-46C2-BF45-E0C34229EAF3}"
EndProject
Project("{2150E333-8FDC-42A3-9474-1A3956D46DE8}") = "Executables", "Executables", "{D81FFC52-2993-48BE-AA0D-6B744E0870BE}"
EndProject
Project("{2150E333-8FDC-42A3-9474-1A3956D46DE8}") = "Text Files", "Text Files", "{62856183-2086-43CF-AFB5-E1E109C4F96C}"
EndProject
Project("{FAE04EC0-301F-11D3-BF4B-00C04F79EFBC}") = "Common", "Common\Common.csproj", "{C3032613-8392-4CD0-8AF9-99FEA9D9BB1A}"
EndProject
Project("{FAE04EC0-301F-11D3-BF4B-00C04F79EFBC}") = "Common.Web", "Common.Web\Common.Web.csproj", "{AD42B980-9C3E-4FC5-8C9F-FD90F011A4B6}"
EndProject
Project("{FAE04EC0-301F-11D3-BF4B-00C04F79EFBC}") = "Common.Tests", "Common.Tests\Common.Tests.csproj", "{3936152C-F9C4-47BC-A0F7-D60927611DD2}"
EndProject
Project("{FAE04EC0-301F-11D3-BF4B-00C04F79EFBC}") = "Common.Web.Tests", "Common.Web.Tests\Common.Web.Tests.csproj", "{EEE06DC4-15EC-42CE-969B-3F0CACEEFE6F}"
EndProject
Project("{FAE04EC0-301F-11D3-BF4B-00C04F79EFBC}") = "DAL", "DAL\DAL.csproj", "{F4A4D61D-D2F8-4C93-BDC0-BE93942183E1}"
EndProject
Project("{FAE04EC0-301F-11D3-BF4B-00C04F79EFBC}") = "DAL.Tests", "DAL.Tests\DAL.Tests.csproj", "{04230EF6-780C-4D35-84E0-3F49F1200FB8}"
EndProject
Project("{FAE04EC0-301F-11D3-BF4B-00C04F79EFBC}") = "Common.Testing", "Common.Testing\Common.Testing.csproj", "{02BF59B7-7ADF-4410-B3FB-6FA850BC9AAD}"
EndProject
Project("{FAE04EC0-301F-11D3-BF4B-00C04F79EFBC}") = "Facades", "Facades\Facades.csproj", "{516E9433-AECC-4950-9291-6A2C95817F40}"
EndProject
Project("{FAE04EC0-301F-11D3-BF4B-00C04F79EFBC}") = "Facades.Tests", "Facades.Tests\Facades.Tests.csproj", "{92634A74-3C2F-41FB-BBE0-5B01CDA22918}"
EndProject
Project("{FAE04EC0-301F-11D3-BF4B-00C04F79EFBC}") = "Web.Infrastructure", "Web.Infrastructure\Web.Infrastructure.csproj", "{D80F099E-4E63-4A9B-BA5B-F6DDDEF227C8}"
EndProject
Project("{FAE04EC0-301F-11D3-BF4B-00C04F79EFBC}") = "Web.Infrastructure.Tests", "Web.Infrastructure.Tests\Web.Infrastructure.Tests.csproj", "{8B942571-85FC-4EC1-81F8-4C6FFE6868E5}"
EndProject
Project("{FAE04EC0-301F-11D3-BF4B-00C04F79EFBC}") = "Common.Testing.Web", "Common.Testing.Web\Common.Testing.Web.csproj", "{E5E6862A-FC67-45D4-9928-1A0094855F53}"
EndProject
Project("{2150E333-8FDC-42A3-9474-1A3956D46DE8}") = ".nuget", ".nuget", "{CDC57E0F-E866-4B8C-8F26-186ED11B16A1}"
	ProjectSection(SolutionItems) = preProject
		.nuget\NuGet.Config = .nuget\NuGet.Config
		.nuget\NuGet.exe = .nuget\NuGet.exe
		.nuget\NuGet.targets = .nuget\NuGet.targets
	EndProjectSection
EndProject
Global
	GlobalSection(SolutionConfigurationPlatforms) = preSolution
		Debug|Any CPU = Debug|Any CPU
		Release|Any CPU = Release|Any CPU
	EndGlobalSection
	GlobalSection(ProjectConfigurationPlatforms) = postSolution
		{582FAE43-AC65-4157-A6EF-D80BD1B47015}.Debug|Any CPU.ActiveCfg = Debug|Any CPU
		{582FAE43-AC65-4157-A6EF-D80BD1B47015}.Debug|Any CPU.Build.0 = Debug|Any CPU
		{582FAE43-AC65-4157-A6EF-D80BD1B47015}.Release|Any CPU.ActiveCfg = Release|Any CPU
		{582FAE43-AC65-4157-A6EF-D80BD1B47015}.Release|Any CPU.Build.0 = Release|Any CPU
		{FEDFE6AC-84CD-411C-AB68-F1C72509F3F6}.Debug|Any CPU.ActiveCfg = Debug|Any CPU
		{FEDFE6AC-84CD-411C-AB68-F1C72509F3F6}.Debug|Any CPU.Build.0 = Debug|Any CPU
		{FEDFE6AC-84CD-411C-AB68-F1C72509F3F6}.Release|Any CPU.ActiveCfg = Release|Any CPU
		{FEDFE6AC-84CD-411C-AB68-F1C72509F3F6}.Release|Any CPU.Build.0 = Release|Any CPU
		{C3032613-8392-4CD0-8AF9-99FEA9D9BB1A}.Debug|Any CPU.ActiveCfg = Debug|Any CPU
		{C3032613-8392-4CD0-8AF9-99FEA9D9BB1A}.Debug|Any CPU.Build.0 = Debug|Any CPU
		{C3032613-8392-4CD0-8AF9-99FEA9D9BB1A}.Release|Any CPU.ActiveCfg = Release|Any CPU
		{C3032613-8392-4CD0-8AF9-99FEA9D9BB1A}.Release|Any CPU.Build.0 = Release|Any CPU
		{AD42B980-9C3E-4FC5-8C9F-FD90F011A4B6}.Debug|Any CPU.ActiveCfg = Debug|Any CPU
		{AD42B980-9C3E-4FC5-8C9F-FD90F011A4B6}.Debug|Any CPU.Build.0 = Debug|Any CPU
		{AD42B980-9C3E-4FC5-8C9F-FD90F011A4B6}.Release|Any CPU.ActiveCfg = Release|Any CPU
		{AD42B980-9C3E-4FC5-8C9F-FD90F011A4B6}.Release|Any CPU.Build.0 = Release|Any CPU
		{3936152C-F9C4-47BC-A0F7-D60927611DD2}.Debug|Any CPU.ActiveCfg = Debug|Any CPU
		{3936152C-F9C4-47BC-A0F7-D60927611DD2}.Debug|Any CPU.Build.0 = Debug|Any CPU
		{3936152C-F9C4-47BC-A0F7-D60927611DD2}.Release|Any CPU.ActiveCfg = Release|Any CPU
		{3936152C-F9C4-47BC-A0F7-D60927611DD2}.Release|Any CPU.Build.0 = Release|Any CPU
		{EEE06DC4-15EC-42CE-969B-3F0CACEEFE6F}.Debug|Any CPU.ActiveCfg = Debug|Any CPU
		{EEE06DC4-15EC-42CE-969B-3F0CACEEFE6F}.Debug|Any CPU.Build.0 = Debug|Any CPU
		{EEE06DC4-15EC-42CE-969B-3F0CACEEFE6F}.Release|Any CPU.ActiveCfg = Release|Any CPU
		{EEE06DC4-15EC-42CE-969B-3F0CACEEFE6F}.Release|Any CPU.Build.0 = Release|Any CPU
		{F4A4D61D-D2F8-4C93-BDC0-BE93942183E1}.Debug|Any CPU.ActiveCfg = Debug|Any CPU
		{F4A4D61D-D2F8-4C93-BDC0-BE93942183E1}.Debug|Any CPU.Build.0 = Debug|Any CPU
		{F4A4D61D-D2F8-4C93-BDC0-BE93942183E1}.Release|Any CPU.ActiveCfg = Release|Any CPU
		{F4A4D61D-D2F8-4C93-BDC0-BE93942183E1}.Release|Any CPU.Build.0 = Release|Any CPU
		{04230EF6-780C-4D35-84E0-3F49F1200FB8}.Debug|Any CPU.ActiveCfg = Debug|Any CPU
		{04230EF6-780C-4D35-84E0-3F49F1200FB8}.Debug|Any CPU.Build.0 = Debug|Any CPU
		{04230EF6-780C-4D35-84E0-3F49F1200FB8}.Release|Any CPU.ActiveCfg = Release|Any CPU
		{04230EF6-780C-4D35-84E0-3F49F1200FB8}.Release|Any CPU.Build.0 = Release|Any CPU
		{02BF59B7-7ADF-4410-B3FB-6FA850BC9AAD}.Debug|Any CPU.ActiveCfg = Debug|Any CPU
		{02BF59B7-7ADF-4410-B3FB-6FA850BC9AAD}.Debug|Any CPU.Build.0 = Debug|Any CPU
		{02BF59B7-7ADF-4410-B3FB-6FA850BC9AAD}.Release|Any CPU.ActiveCfg = Release|Any CPU
		{02BF59B7-7ADF-4410-B3FB-6FA850BC9AAD}.Release|Any CPU.Build.0 = Release|Any CPU
		{516E9433-AECC-4950-9291-6A2C95817F40}.Debug|Any CPU.ActiveCfg = Debug|Any CPU
		{516E9433-AECC-4950-9291-6A2C95817F40}.Debug|Any CPU.Build.0 = Debug|Any CPU
		{516E9433-AECC-4950-9291-6A2C95817F40}.Release|Any CPU.ActiveCfg = Release|Any CPU
		{516E9433-AECC-4950-9291-6A2C95817F40}.Release|Any CPU.Build.0 = Release|Any CPU
		{92634A74-3C2F-41FB-BBE0-5B01CDA22918}.Debug|Any CPU.ActiveCfg = Debug|Any CPU
		{92634A74-3C2F-41FB-BBE0-5B01CDA22918}.Debug|Any CPU.Build.0 = Debug|Any CPU
		{92634A74-3C2F-41FB-BBE0-5B01CDA22918}.Release|Any CPU.ActiveCfg = Release|Any CPU
		{92634A74-3C2F-41FB-BBE0-5B01CDA22918}.Release|Any CPU.Build.0 = Release|Any CPU
		{D80F099E-4E63-4A9B-BA5B-F6DDDEF227C8}.Debug|Any CPU.ActiveCfg = Debug|Any CPU
		{D80F099E-4E63-4A9B-BA5B-F6DDDEF227C8}.Debug|Any CPU.Build.0 = Debug|Any CPU
		{D80F099E-4E63-4A9B-BA5B-F6DDDEF227C8}.Release|Any CPU.ActiveCfg = Release|Any CPU
		{D80F099E-4E63-4A9B-BA5B-F6DDDEF227C8}.Release|Any CPU.Build.0 = Release|Any CPU
		{8B942571-85FC-4EC1-81F8-4C6FFE6868E5}.Debug|Any CPU.ActiveCfg = Debug|Any CPU
		{8B942571-85FC-4EC1-81F8-4C6FFE6868E5}.Debug|Any CPU.Build.0 = Debug|Any CPU
		{8B942571-85FC-4EC1-81F8-4C6FFE6868E5}.Release|Any CPU.ActiveCfg = Release|Any CPU
		{8B942571-85FC-4EC1-81F8-4C6FFE6868E5}.Release|Any CPU.Build.0 = Release|Any CPU
		{E5E6862A-FC67-45D4-9928-1A0094855F53}.Debug|Any CPU.ActiveCfg = Debug|Any CPU
		{E5E6862A-FC67-45D4-9928-1A0094855F53}.Debug|Any CPU.Build.0 = Debug|Any CPU
		{E5E6862A-FC67-45D4-9928-1A0094855F53}.Release|Any CPU.ActiveCfg = Release|Any CPU
		{E5E6862A-FC67-45D4-9928-1A0094855F53}.Release|Any CPU.Build.0 = Release|Any CPU
	EndGlobalSection
	GlobalSection(SolutionProperties) = preSolution
		HideSolutionNode = FALSE
	EndGlobalSection
	GlobalSection(NestedProjects) = preSolution
		{BA01F045-D688-44EB-9A0D-E49A32ACC4E3} = {591CED39-2B36-432F-B8FD-B4CC63433427}
		{535A6118-7AEE-42C0-828C-6C6D832392B6} = {591CED39-2B36-432F-B8FD-B4CC63433427}
		{FEDFE6AC-84CD-411C-AB68-F1C72509F3F6} = {BA01F045-D688-44EB-9A0D-E49A32ACC4E3}
		{8B942571-85FC-4EC1-81F8-4C6FFE6868E5} = {BA01F045-D688-44EB-9A0D-E49A32ACC4E3}
		{4623E612-5438-46C2-BF45-E0C34229EAF3} = {C541A2B1-6F93-4B3F-AB6C-47ACEB9FCE0F}
		{D81FFC52-2993-48BE-AA0D-6B744E0870BE} = {C541A2B1-6F93-4B3F-AB6C-47ACEB9FCE0F}
		{62856183-2086-43CF-AFB5-E1E109C4F96C} = {C541A2B1-6F93-4B3F-AB6C-47ACEB9FCE0F}
		{380E8DEA-1BB6-4A74-A13A-AFD07AEB83A3} = {DFDB335C-FD1A-47B3-942A-55E1CB983521}
		{61D6CD8F-54B5-49DA-8FAC-D1A1FD8EC498} = {DFDB335C-FD1A-47B3-942A-55E1CB983521}
		{95F7A013-6E7C-46AB-9109-0FAA3A6E8806} = {1C14E039-0B90-4161-BE22-05B498DADDAC}
		{32EAD216-47AB-42DB-B10B-CDBD29900160} = {1C14E039-0B90-4161-BE22-05B498DADDAC}
		{41201A51-2202-4F9E-B7DE-2BBF129A5601} = {527557F3-79C5-4B6C-8C9D-F62E0E951A4B}
		{F14C49E6-337F-4F46-96BC-870CA127EE37} = {527557F3-79C5-4B6C-8C9D-F62E0E951A4B}
		{582FAE43-AC65-4157-A6EF-D80BD1B47015} = {535A6118-7AEE-42C0-828C-6C6D832392B6}
		{D80F099E-4E63-4A9B-BA5B-F6DDDEF227C8} = {535A6118-7AEE-42C0-828C-6C6D832392B6}
		{516E9433-AECC-4950-9291-6A2C95817F40} = {41201A51-2202-4F9E-B7DE-2BBF129A5601}
		{92634A74-3C2F-41FB-BBE0-5B01CDA22918} = {F14C49E6-337F-4F46-96BC-870CA127EE37}
		{F4A4D61D-D2F8-4C93-BDC0-BE93942183E1} = {95F7A013-6E7C-46AB-9109-0FAA3A6E8806}
		{04230EF6-780C-4D35-84E0-3F49F1200FB8} = {32EAD216-47AB-42DB-B10B-CDBD29900160}
		{C3032613-8392-4CD0-8AF9-99FEA9D9BB1A} = {380E8DEA-1BB6-4A74-A13A-AFD07AEB83A3}
		{AD42B980-9C3E-4FC5-8C9F-FD90F011A4B6} = {380E8DEA-1BB6-4A74-A13A-AFD07AEB83A3}
		{02BF59B7-7ADF-4410-B3FB-6FA850BC9AAD} = {380E8DEA-1BB6-4A74-A13A-AFD07AEB83A3}
		{E5E6862A-FC67-45D4-9928-1A0094855F53} = {380E8DEA-1BB6-4A74-A13A-AFD07AEB83A3}
		{3936152C-F9C4-47BC-A0F7-D60927611DD2} = {61D6CD8F-54B5-49DA-8FAC-D1A1FD8EC498}
		{EEE06DC4-15EC-42CE-969B-3F0CACEEFE6F} = {61D6CD8F-54B5-49DA-8FAC-D1A1FD8EC498}
	EndGlobalSection
EndGlobal
